{
  "requires": true,
  "lockfileVersion": 1,
  "dependencies": {
    "firacode": {
      "version": "2.0.0",
      "resolved": "https://registry.npmjs.org/firacode/-/firacode-2.0.0.tgz",
      "integrity": "sha512-Nb6qPlKbiqw6k3ES8I3TE4vv+LLYvJwvTO0K4oQseeF6rDCj2ufJX2MOZ/7lNNt7P7KebfULaxi3QYQ9aEBrTA=="
    }
  }
}
